
Microsoft Visual Studio Solution File, Format Version 12.00
# Visual Studio Version 17
VisualStudioVersion = 17.13.35806.99 d17.13
MinimumVisualStudioVersion = 10.0.40219.1
Project("{FAE04EC0-301F-11D3-BF4B-00C04F79EFBC}") = "EtherealValidator", "EtherealValidator.csproj", "{DA02C1E0-9401-4D30-873E-5EF8B671DB10}"
EndProject
Project("{FAE04EC0-301F-11D3-BF4B-00C04F79EFBC}") = "TestEthValidator", "..\TestEthValidator\TestEthValidator.csproj", "{3F48003D-16D5-4389-8E83-AD2B63BB8F93}"
	ProjectSection(ProjectDependencies) = postProject
		{DA02C1E0-9401-4D30-873E-5EF8B671DB10} = {DA02C1E0-9401-4D30-873E-5EF8B671DB10}
	EndProjectSection
EndProject
Global
	GlobalSection(SolutionConfigurationPlatforms) = preSolution
		Debug|Any CPU = Debug|Any CPU
		Release|Any CPU = Release|Any CPU
	EndGlobalSection
	GlobalSection(ProjectConfigurationPlatforms) = postSolution
		{DA02C1E0-9401-4D30-873E-5EF8B671DB10}.Debug|Any CPU.ActiveCfg = Debug|Any CPU
		{DA02C1E0-9401-4D30-873E-5EF8B671DB10}.Debug|Any CPU.Build.0 = Debug|Any CPU
		{DA02C1E0-9401-4D30-873E-5EF8B671DB10}.Release|Any CPU.ActiveCfg = Release|Any CPU
		{DA02C1E0-9401-4D30-873E-5EF8B671DB10}.Release|Any CPU.Build.0 = Release|Any CPU
		{3F48003D-16D5-4389-8E83-AD2B63BB8F93}.Debug|Any CPU.ActiveCfg = Debug|Any CPU
		{3F48003D-16D5-4389-8E83-AD2B63BB8F93}.Debug|Any CPU.Build.0 = Debug|Any CPU
		{3F48003D-16D5-4389-8E83-AD2B63BB8F93}.Release|Any CPU.ActiveCfg = Release|Any CPU
		{3F48003D-16D5-4389-8E83-AD2B63BB8F93}.Release|Any CPU.Build.0 = Release|Any CPU
	EndGlobalSection
	GlobalSection(SolutionProperties) = preSolution
		HideSolutionNode = FALSE
	EndGlobalSection
	GlobalSection(ExtensibilityGlobals) = postSolution
		SolutionGuid = {E0C1EA62-1650-45D0-B211-601377423114}
	EndGlobalSection
EndGlobal
